
Microsoft Visual Studio Solution File, Format Version 12.00
# Visual Studio Version 16
VisualStudioVersion = 16.0.30114.105
MinimumVisualStudioVersion = 10.0.40219.1
Project("{FAE04EC0-301F-11D3-BF4B-00C04F79EFBC}") = "DBModels", "DatabaseModels\DBModels.csproj", "{31194D18-E6AE-41E7-90DA-1312939BBD03}"
EndProject
Project("{FAE04EC0-301F-11D3-BF4B-00C04F79EFBC}") = "UnitOfWork", "UnitOfWork\UnitOfWork.csproj", "{DF09D041-FB9D-4E66-98C4-82E24248A88E}"
EndProject
Project("{2150E333-8FDC-42A3-9474-1A3956D46DE8}") = "Data", "Data", "{B01C0666-B6BC-4EF1-A40D-8B0D737F0CEC}"
EndProject
Project("{2150E333-8FDC-42A3-9474-1A3956D46DE8}") = "Test", "Test", "{17C7FF43-C156-46FE-9090-8204F5D046B1}"
EndProject
Project("{2150E333-8FDC-42A3-9474-1A3956D46DE8}") = "Web", "Web", "{86232E0C-6767-4172-8B56-AA7E302A6DDC}"
EndProject
Project("{FAE04EC0-301F-11D3-BF4B-00C04F79EFBC}") = "DataAccess", "DataAccess\DataAccess.csproj", "{313C3510-C35D-4FDD-BB97-65084A03FDF4}"
EndProject
Project("{FAE04EC0-301F-11D3-BF4B-00C04F79EFBC}") = "Repositories", "Repositories\Repositories.csproj", "{4FC5DA7B-F2BB-46F8-AF72-C04C97236F29}"
EndProject
Project("{FAE04EC0-301F-11D3-BF4B-00C04F79EFBC}") = "WebApi", "WebApi\WebApi.csproj", "{463D96F5-C2DC-44FA-B99B-B549C8392576}"
EndProject
Global
	GlobalSection(SolutionConfigurationPlatforms) = preSolution
		Debug|Any CPU = Debug|Any CPU
		Release|Any CPU = Release|Any CPU
	EndGlobalSection
	GlobalSection(ProjectConfigurationPlatforms) = postSolution
		{31194D18-E6AE-41E7-90DA-1312939BBD03}.Debug|Any CPU.ActiveCfg = Debug|Any CPU
		{31194D18-E6AE-41E7-90DA-1312939BBD03}.Debug|Any CPU.Build.0 = Debug|Any CPU
		{31194D18-E6AE-41E7-90DA-1312939BBD03}.Release|Any CPU.ActiveCfg = Release|Any CPU
		{31194D18-E6AE-41E7-90DA-1312939BBD03}.Release|Any CPU.Build.0 = Release|Any CPU
		{DF09D041-FB9D-4E66-98C4-82E24248A88E}.Debug|Any CPU.ActiveCfg = Debug|Any CPU
		{DF09D041-FB9D-4E66-98C4-82E24248A88E}.Debug|Any CPU.Build.0 = Debug|Any CPU
		{DF09D041-FB9D-4E66-98C4-82E24248A88E}.Release|Any CPU.ActiveCfg = Release|Any CPU
		{DF09D041-FB9D-4E66-98C4-82E24248A88E}.Release|Any CPU.Build.0 = Release|Any CPU
		{313C3510-C35D-4FDD-BB97-65084A03FDF4}.Debug|Any CPU.ActiveCfg = Debug|Any CPU
		{313C3510-C35D-4FDD-BB97-65084A03FDF4}.Debug|Any CPU.Build.0 = Debug|Any CPU
		{313C3510-C35D-4FDD-BB97-65084A03FDF4}.Release|Any CPU.ActiveCfg = Release|Any CPU
		{313C3510-C35D-4FDD-BB97-65084A03FDF4}.Release|Any CPU.Build.0 = Release|Any CPU
		{4FC5DA7B-F2BB-46F8-AF72-C04C97236F29}.Debug|Any CPU.ActiveCfg = Debug|Any CPU
		{4FC5DA7B-F2BB-46F8-AF72-C04C97236F29}.Debug|Any CPU.Build.0 = Debug|Any CPU
		{4FC5DA7B-F2BB-46F8-AF72-C04C97236F29}.Release|Any CPU.ActiveCfg = Release|Any CPU
		{4FC5DA7B-F2BB-46F8-AF72-C04C97236F29}.Release|Any CPU.Build.0 = Release|Any CPU
		{463D96F5-C2DC-44FA-B99B-B549C8392576}.Debug|Any CPU.ActiveCfg = Debug|Any CPU
		{463D96F5-C2DC-44FA-B99B-B549C8392576}.Debug|Any CPU.Build.0 = Debug|Any CPU
		{463D96F5-C2DC-44FA-B99B-B549C8392576}.Release|Any CPU.ActiveCfg = Release|Any CPU
		{463D96F5-C2DC-44FA-B99B-B549C8392576}.Release|Any CPU.Build.0 = Release|Any CPU
	EndGlobalSection
	GlobalSection(SolutionProperties) = preSolution
		HideSolutionNode = FALSE
	EndGlobalSection
	GlobalSection(NestedProjects) = preSolution
		{31194D18-E6AE-41E7-90DA-1312939BBD03} = {B01C0666-B6BC-4EF1-A40D-8B0D737F0CEC}
		{DF09D041-FB9D-4E66-98C4-82E24248A88E} = {B01C0666-B6BC-4EF1-A40D-8B0D737F0CEC}
		{313C3510-C35D-4FDD-BB97-65084A03FDF4} = {B01C0666-B6BC-4EF1-A40D-8B0D737F0CEC}
		{4FC5DA7B-F2BB-46F8-AF72-C04C97236F29} = {B01C0666-B6BC-4EF1-A40D-8B0D737F0CEC}
		{463D96F5-C2DC-44FA-B99B-B549C8392576} = {86232E0C-6767-4172-8B56-AA7E302A6DDC}
	EndGlobalSection
	GlobalSection(ExtensibilityGlobals) = postSolution
		SolutionGuid = {94DE86F5-D241-414A-B3D5-3BECA00D885A}
	EndGlobalSection
EndGlobal
